
Microsoft Visual Studio Solution File, Format Version 12.00
# Visual Studio Version 17
VisualStudioVersion = 17.14.36717.8 d17.14
MinimumVisualStudioVersion = 10.0.40219.1
Project("{8BC9CEB8-8B4A-11D0-8D11-00A0C91BC942}") = "1.39CIntNFloatAraysFNLInstrct", "1.39CIntNFloatAraysFNLInstrct\1.39CIntNFloatAraysFNLInstrct.vcxproj", "{93989E3D-CE8B-47A2-A6F3-3C541F3F81D0}"
EndProject
Global
	GlobalSection(SolutionConfigurationPlatforms) = preSolution
		Debug|x64 = Debug|x64
		Debug|x86 = Debug|x86
		Release|x64 = Release|x64
		Release|x86 = Release|x86
	EndGlobalSection
	GlobalSection(ProjectConfigurationPlatforms) = postSolution
		{93989E3D-CE8B-47A2-A6F3-3C541F3F81D0}.Debug|x64.ActiveCfg = Debug|x64
		{93989E3D-CE8B-47A2-A6F3-3C541F3F81D0}.Debug|x64.Build.0 = Debug|x64
		{93989E3D-CE8B-47A2-A6F3-3C541F3F81D0}.Debug|x86.ActiveCfg = Debug|Win32
		{93989E3D-CE8B-47A2-A6F3-3C541F3F81D0}.Debug|x86.Build.0 = Debug|Win32
		{93989E3D-CE8B-47A2-A6F3-3C541F3F81D0}.Release|x64.ActiveCfg = Release|x64
		{93989E3D-CE8B-47A2-A6F3-3C541F3F81D0}.Release|x64.Build.0 = Release|x64
		{93989E3D-CE8B-47A2-A6F3-3C541F3F81D0}.Release|x86.ActiveCfg = Release|Win32
		{93989E3D-CE8B-47A2-A6F3-3C541F3F81D0}.Release|x86.Build.0 = Release|Win32
	EndGlobalSection
	GlobalSection(SolutionProperties) = preSolution
		HideSolutionNode = FALSE
	EndGlobalSection
	GlobalSection(ExtensibilityGlobals) = postSolution
		SolutionGuid = {96142398-5904-4F9C-96A6-C98E64199A49}
	EndGlobalSection
EndGlobal
